
Microsoft Visual Studio Solution File, Format Version 12.00
# Visual Studio Version 17
VisualStudioVersion = 17.14.36310.24 d17.14
MinimumVisualStudioVersion = 10.0.40219.1
Project("{FAE04EC0-301F-11D3-BF4B-00C04F79EFBC}") = "JokesApp", "JokesApp\JokesApp.csproj", "{72A17410-FDCC-46DD-B1A9-688916FCE9BC}"
EndProject
Global
	GlobalSection(SolutionConfigurationPlatforms) = preSolution
		Debug|Any CPU = Debug|Any CPU
		Release|Any CPU = Release|Any CPU
	EndGlobalSection
	GlobalSection(ProjectConfigurationPlatforms) = postSolution
		{72A17410-FDCC-46DD-B1A9-688916FCE9BC}.Debug|Any CPU.ActiveCfg = Debug|Any CPU
		{72A17410-FDCC-46DD-B1A9-688916FCE9BC}.Debug|Any CPU.Build.0 = Debug|Any CPU
		{72A17410-FDCC-46DD-B1A9-688916FCE9BC}.Release|Any CPU.ActiveCfg = Release|Any CPU
		{72A17410-FDCC-46DD-B1A9-688916FCE9BC}.Release|Any CPU.Build.0 = Release|Any CPU
	EndGlobalSection
	GlobalSection(SolutionProperties) = preSolution
		HideSolutionNode = FALSE
	EndGlobalSection
	GlobalSection(ExtensibilityGlobals) = postSolution
		SolutionGuid = {BB4DB0AA-62C2-4C1F-97D3-8C6CEA992A20}
	EndGlobalSection
EndGlobal
